<?xml version="1.0" encoding="utf-8"?>
<Project ToolsVersion="17.0" xmlns="http://schemas.microsoft.com/developer/msbuild/2003">
  <ItemGroup>
    <CudaCompile Include="..\src\ssbl_xpbd_cuda.cu">
      <Filter>Source Files</Filter>
    </CudaCompile>
  </ItemGroup>
  <ItemGroup>
    <CustomBuild Include="C:\Users\Administrator\AppData\Roaming\Blender Foundation\Blender\5.0\scripts\addons\ssbl\native\CMakeLists.txt" />
  </ItemGroup>
  <ItemGroup>
    <Filter Include="Source Files">
      <UniqueIdentifier>{F598AAF3-996B-37AA-B246-E5F6D3A326A3}</UniqueIdentifier>
    </Filter>
  </ItemGroup>
</Project>
