<?xml version="1.0" encoding="utf-8"?>
<Project ToolsVersion="17.0" xmlns="http://schemas.microsoft.com/developer/msbuild/2003">
  <ItemGroup>
    <CudaCompile Include="..\src\ssbl_xpbd_cuda.cu">
      <Filter>Source Files</Filter>
    </CudaCompile>
  </ItemGroup>
  <ItemGroup>
    <CustomBuild Include="C:\Users\Administrator\AppData\Roaming\Blender Foundation\Blender\5.0\scripts\addons\ssbl\native\CMakeLists.txt" />
  </ItemGroup>
  <ItemGroup>
    <Filter Include="Source Files">
      <UniqueIdentifier>{B5FC6FE4-27E6-319D-B4C1-1393858C8D34}</UniqueIdentifier>
    </Filter>
  </ItemGroup>
</Project>
